
Microsoft Visual Studio Solution File, Format Version 12.00
# Visual Studio 15
VisualStudioVersion = 15.0.28307.168
MinimumVisualStudioVersion = 10.0.40219.1
Project("{9A19103F-16F7-4668-BE54-9A1E7A4F7556}") = "APIPayment", "APIPayment.csproj", "{B3A4D83D-5E3C-40CF-9293-0EC7998E5752}"
EndProject
Global
	GlobalSection(SolutionConfigurationPlatforms) = preSolution
		Debug|Any CPU = Debug|Any CPU
		Release|Any CPU = Release|Any CPU
	EndGlobalSection
	GlobalSection(ProjectConfigurationPlatforms) = postSolution
		{B3A4D83D-5E3C-40CF-9293-0EC7998E5752}.Debug|Any CPU.ActiveCfg = Debug|Any CPU
		{B3A4D83D-5E3C-40CF-9293-0EC7998E5752}.Debug|Any CPU.Build.0 = Debug|Any CPU
		{B3A4D83D-5E3C-40CF-9293-0EC7998E5752}.Release|Any CPU.ActiveCfg = Release|Any CPU
		{B3A4D83D-5E3C-40CF-9293-0EC7998E5752}.Release|Any CPU.Build.0 = Release|Any CPU
	EndGlobalSection
	GlobalSection(SolutionProperties) = preSolution
		HideSolutionNode = FALSE
	EndGlobalSection
	GlobalSection(ExtensibilityGlobals) = postSolution
		SolutionGuid = {85D275D2-64AE-4036-93D5-B8C25D2BC368}
	EndGlobalSection
EndGlobal
